// !$*UTF8*$!
{
	archiveVersion = 1;
	classes = {
	};
	objectVersion = 77;
	objects = {

/* Begin PBXBuildFile section */
		290FF9A92E2EC24F00CA2B20 /* CoreNFC.framework in Frameworks */ = {isa = PBXBuildFile; fileRef = 290FF9A82E2EC24F00CA2B20 /* CoreNFC.framework */; };
		290FF9CE2E457A8A00CA2B20 /* ManagedSettings.framework in Frameworks */ = {isa = PBXBuildFile; fileRef = 290FF9CD2E457A8A00CA2B20 /* ManagedSettings.framework */; };
		290FF9D02E457A8A00CA2B20 /* ManagedSettingsUI.framework in Frameworks */ = {isa = PBXBuildFile; fileRef = 290FF9CF2E457A8A00CA2B20 /* ManagedSettingsUI.framework */; };
		290FF9D82E457A8A00CA2B20 /* Shield.appex in Embed Foundation Extensions */ = {isa = PBXBuildFile; fileRef = 290FF9CC2E457A8A00CA2B20 /* Shield.appex */; settings = {ATTRIBUTES = (RemoveHeadersOnCopy, ); }; };
/* End PBXBuildFile section */

/* Begin PBXContainerItemProxy section */
		290FF96C2E26BD0600CA2B20 /* PBXContainerItemProxy */ = {
			isa = PBXContainerItemProxy;
			containerPortal = 290FF9562E26BD0400CA2B20 /* Project object */;
			proxyType = 1;
			remoteGlobalIDString = 290FF95D2E26BD0400CA2B20;
			remoteInfo = "Tomato Brick";
		};
		290FF9762E26BD0600CA2B20 /* PBXContainerItemProxy */ = {
			isa = PBXContainerItemProxy;
			containerPortal = 290FF9562E26BD0400CA2B20 /* Project object */;
			proxyType = 1;
			remoteGlobalIDString = 290FF95D2E26BD0400CA2B20;
			remoteInfo = "Tomato Brick";
		};
		290FF9D62E457A8A00CA2B20 /* PBXContainerItemProxy */ = {
			isa = PBXContainerItemProxy;
			containerPortal = 290FF9562E26BD0400CA2B20 /* Project object */;
			proxyType = 1;
			remoteGlobalIDString = 290FF9CB2E457A8A00CA2B20;
			remoteInfo = Shield;
		};
/* End PBXContainerItemProxy section */

/* Begin PBXCopyFilesBuildPhase section */
		290FF9DD2E457A8A00CA2B20 /* Embed Foundation Extensions */ = {
			isa = PBXCopyFilesBuildPhase;
			buildActionMask = 2147483647;
			dstPath = "";
			dstSubfolderSpec = 13;
			files = (
				290FF9D82E457A8A00CA2B20 /* Shield.appex in Embed Foundation Extensions */,
			);
			name = "Embed Foundation Extensions";
			runOnlyForDeploymentPostprocessing = 0;
		};
/* End PBXCopyFilesBuildPhase section */

/* Begin PBXFileReference section */
		290FF95E2E26BD0400CA2B20 /* Tomato Brick.app */ = {isa = PBXFileReference; explicitFileType = wrapper.application; includeInIndex = 0; path = "Tomato Brick.app"; sourceTree = BUILT_PRODUCTS_DIR; };
		290FF96B2E26BD0600CA2B20 /* Tomato BrickTests.xctest */ = {isa = PBXFileReference; explicitFileType = wrapper.cfbundle; includeInIndex = 0; path = "Tomato BrickTests.xctest"; sourceTree = BUILT_PRODUCTS_DIR; };
		290FF9752E26BD0600CA2B20 /* Tomato BrickUITests.xctest */ = {isa = PBXFileReference; explicitFileType = wrapper.cfbundle; includeInIndex = 0; path = "Tomato BrickUITests.xctest"; sourceTree = BUILT_PRODUCTS_DIR; };
		290FF9A82E2EC24F00CA2B20 /* CoreNFC.framework */ = {isa = PBXFileReference; lastKnownFileType = wrapper.framework; name = CoreNFC.framework; path = System/Library/Frameworks/CoreNFC.framework; sourceTree = SDKROOT; };
		290FF9CC2E457A8A00CA2B20 /* Shield.appex */ = {isa = PBXFileReference; explicitFileType = "wrapper.app-extension"; includeInIndex = 0; path = Shield.appex; sourceTree = BUILT_PRODUCTS_DIR; };
		290FF9CD2E457A8A00CA2B20 /* ManagedSettings.framework */ = {isa = PBXFileReference; lastKnownFileType = wrapper.framework; name = ManagedSettings.framework; path = System/Library/Frameworks/ManagedSettings.framework; sourceTree = SDKROOT; };
		290FF9CF2E457A8A00CA2B20 /* ManagedSettingsUI.framework */ = {isa = PBXFileReference; lastKnownFileType = wrapper.framework; name = ManagedSettingsUI.framework; path = System/Library/Frameworks/ManagedSettingsUI.framework; sourceTree = SDKROOT; };
/* End PBXFileReference section */

/* Begin PBXFileSystemSynchronizedBuildFileExceptionSet section */
		290FF9D92E457A8A00CA2B20 /* Exceptions for "Shield" folder in "Shield" target */ = {
			isa = PBXFileSystemSynchronizedBuildFileExceptionSet;
			membershipExceptions = (
				Info.plist,
			);
			target = 290FF9CB2E457A8A00CA2B20 /* Shield */;
		};
/* End PBXFileSystemSynchronizedBuildFileExceptionSet section */

/* Begin PBXFileSystemSynchronizedRootGroup section */
		290FF9602E26BD0400CA2B20 /* Tomato Brick */ = {
			isa = PBXFileSystemSynchronizedRootGroup;
			path = "Tomato Brick";
			sourceTree = "<group>";
		};
		290FF96E2E26BD0600CA2B20 /* Tomato BrickTests */ = {
			isa = PBXFileSystemSynchronizedRootGroup;
			path = "Tomato BrickTests";
			sourceTree = "<group>";
		};
		290FF9782E26BD0600CA2B20 /* Tomato BrickUITests */ = {
			isa = PBXFileSystemSynchronizedRootGroup;
			path = "Tomato BrickUITests";
			sourceTree = "<group>";
		};
		290FF9D12E457A8A00CA2B20 /* Shield */ = {
			isa = PBXFileSystemSynchronizedRootGroup;
			exceptions = (
				290FF9D92E457A8A00CA2B20 /* Exceptions for "Shield" folder in "Shield" target */,
			);
			path = Shield;
			sourceTree = "<group>";
		};
/* End PBXFileSystemSynchronizedRootGroup section */

/* Begin PBXFrameworksBuildPhase section */
		290FF95B2E26BD0400CA2B20 /* Frameworks */ = {
			isa = PBXFrameworksBuildPhase;
			buildActionMask = 2147483647;
			files = (
				290FF9A92E2EC24F00CA2B20 /* CoreNFC.framework in Frameworks */,
			);
			runOnlyForDeploymentPostprocessing = 0;
		};
		290FF9682E26BD0600CA2B20 /* Frameworks */ = {
			isa = PBXFrameworksBuildPhase;
			buildActionMask = 2147483647;
			files = (
			);
			runOnlyForDeploymentPostprocessing = 0;
		};
		290FF9722E26BD0600CA2B20 /* Frameworks */ = {
			isa = PBXFrameworksBuildPhase;
			buildActionMask = 2147483647;
			files = (
			);
			runOnlyForDeploymentPostprocessing = 0;
		};
		290FF9C92E457A8A00CA2B20 /* Frameworks */ = {
			isa = PBXFrameworksBuildPhase;
			buildActionMask = 2147483647;
			files = (
				290FF9CE2E457A8A00CA2B20 /* ManagedSettings.framework in Frameworks */,
				290FF9D02E457A8A00CA2B20 /* ManagedSettingsUI.framework in Frameworks */,
			);
			runOnlyForDeploymentPostprocessing = 0;
		};
/* End PBXFrameworksBuildPhase section */

/* Begin PBXGroup section */
		290FF9552E26BD0400CA2B20 = {
			isa = PBXGroup;
			children = (
				290FF9602E26BD0400CA2B20 /* Tomato Brick */,
				290FF96E2E26BD0600CA2B20 /* Tomato BrickTests */,
				290FF9782E26BD0600CA2B20 /* Tomato BrickUITests */,
				290FF9D12E457A8A00CA2B20 /* Shield */,
				290FF9A72E2EC24F00CA2B20 /* Frameworks */,
				290FF95F2E26BD0400CA2B20 /* Products */,
			);
			sourceTree = "<group>";
		};
		290FF95F2E26BD0400CA2B20 /* Products */ = {
			isa = PBXGroup;
			children = (
				290FF95E2E26BD0400CA2B20 /* Tomato Brick.app */,
				290FF96B2E26BD0600CA2B20 /* Tomato BrickTests.xctest */,
				290FF9752E26BD0600CA2B20 /* Tomato BrickUITests.xctest */,
				290FF9CC2E457A8A00CA2B20 /* Shield.appex */,
			);
			name = Products;
			sourceTree = "<group>";
		};
		290FF9A72E2EC24F00CA2B20 /* Frameworks */ = {
			isa = PBXGroup;
			children = (
				290FF9A82E2EC24F00CA2B20 /* CoreNFC.framework */,
				290FF9CD2E457A8A00CA2B20 /* ManagedSettings.framework */,
				290FF9CF2E457A8A00CA2B20 /* ManagedSettingsUI.framework */,
			);
			name = Frameworks;
			sourceTree = "<group>";
		};
/* End PBXGroup section */

/* Begin PBXNativeTarget section */
		290FF95D2E26BD0400CA2B20 /* Tomato Brick */ = {
			isa = PBXNativeTarget;
			buildConfigurationList = 290FF97F2E26BD0600CA2B20 /* Build configuration list for PBXNativeTarget "Tomato Brick" */;
			buildPhases = (
				290FF95A2E26BD0400CA2B20 /* Sources */,
				290FF95B2E26BD0400CA2B20 /* Frameworks */,
				290FF95C2E26BD0400CA2B20 /* Resources */,
				290FF9DD2E457A8A00CA2B20 /* Embed Foundation Extensions */,
			);
			buildRules = (
			);
			dependencies = (
				290FF9D72E457A8A00CA2B20 /* PBXTargetDependency */,
			);
			fileSystemSynchronizedGroups = (
				290FF9602E26BD0400CA2B20 /* Tomato Brick */,
			);
			name = "Tomato Brick";
			packageProductDependencies = (
			);
			productName = "Tomato Brick";
			productReference = 290FF95E2E26BD0400CA2B20 /* Tomato Brick.app */;
			productType = "com.apple.product-type.application";
		};
		290FF96A2E26BD0600CA2B20 /* Tomato BrickTests */ = {
			isa = PBXNativeTarget;
			buildConfigurationList = 290FF9822E26BD0600CA2B20 /* Build configuration list for PBXNativeTarget "Tomato BrickTests" */;
			buildPhases = (
				290FF9672E26BD0600CA2B20 /* Sources */,
				290FF9682E26BD0600CA2B20 /* Frameworks */,
				290FF9692E26BD0600CA2B20 /* Resources */,
			);
			buildRules = (
			);
			dependencies = (
				290FF96D2E26BD0600CA2B20 /* PBXTargetDependency */,
			);
			fileSystemSynchronizedGroups = (
				290FF96E2E26BD0600CA2B20 /* Tomato BrickTests */,
			);
			name = "Tomato BrickTests";
			packageProductDependencies = (
			);
			productName = "Tomato BrickTests";
			productReference = 290FF96B2E26BD0600CA2B20 /* Tomato BrickTests.xctest */;
			productType = "com.apple.product-type.bundle.unit-test";
		};
		290FF9742E26BD0600CA2B20 /* Tomato BrickUITests */ = {
			isa = PBXNativeTarget;
			buildConfigurationList = 290FF9852E26BD0600CA2B20 /* Build configuration list for PBXNativeTarget "Tomato BrickUITests" */;
			buildPhases = (
				290FF9712E26BD0600CA2B20 /* Sources */,
				290FF9722E26BD0600CA2B20 /* Frameworks */,
				290FF9732E26BD0600CA2B20 /* Resources */,
			);
			buildRules = (
			);
			dependencies = (
				290FF9772E26BD0600CA2B20 /* PBXTargetDependency */,
			);
			fileSystemSynchronizedGroups = (
				290FF9782E26BD0600CA2B20 /* Tomato BrickUITests */,
			);
			name = "Tomato BrickUITests";
			packageProductDependencies = (
			);
			productName = "Tomato BrickUITests";
			productReference = 290FF9752E26BD0600CA2B20 /* Tomato BrickUITests.xctest */;
			productType = "com.apple.product-type.bundle.ui-testing";
		};
		290FF9CB2E457A8A00CA2B20 /* Shield */ = {
			isa = PBXNativeTarget;
			buildConfigurationList = 290FF9DA2E457A8A00CA2B20 /* Build configuration list for PBXNativeTarget "Shield" */;
			buildPhases = (
				290FF9C82E457A8A00CA2B20 /* Sources */,
				290FF9C92E457A8A00CA2B20 /* Frameworks */,
				290FF9CA2E457A8A00CA2B20 /* Resources */,
			);
			buildRules = (
			);
			dependencies = (
			);
			fileSystemSynchronizedGroups = (
				290FF9D12E457A8A00CA2B20 /* Shield */,
			);
			name = Shield;
			packageProductDependencies = (
			);
			productName = Shield;
			productReference = 290FF9CC2E457A8A00CA2B20 /* Shield.appex */;
			productType = "com.apple.product-type.app-extension";
		};
/* End PBXNativeTarget section */

/* Begin PBXProject section */
		290FF9562E26BD0400CA2B20 /* Project object */ = {
			isa = PBXProject;
			attributes = {
				BuildIndependentTargetsInParallel = 1;
				LastSwiftUpdateCheck = 1640;
				LastUpgradeCheck = 1640;
				TargetAttributes = {
					290FF95D2E26BD0400CA2B20 = {
						CreatedOnToolsVersion = 16.4;
					};
					290FF96A2E26BD0600CA2B20 = {
						CreatedOnToolsVersion = 16.4;
						TestTargetID = 290FF95D2E26BD0400CA2B20;
					};
					290FF9742E26BD0600CA2B20 = {
						CreatedOnToolsVersion = 16.4;
						TestTargetID = 290FF95D2E26BD0400CA2B20;
					};
					290FF9CB2E457A8A00CA2B20 = {
						CreatedOnToolsVersion = 16.4;
					};
				};
			};
			buildConfigurationList = 290FF9592E26BD0400CA2B20 /* Build configuration list for PBXProject "Tomato Brick" */;
			developmentRegion = en;
			hasScannedForEncodings = 0;
			knownRegions = (
				en,
				Base,
			);
			mainGroup = 290FF9552E26BD0400CA2B20;
			minimizedProjectReferenceProxies = 1;
			preferredProjectObjectVersion = 77;
			productRefGroup = 290FF95F2E26BD0400CA2B20 /* Products */;
			projectDirPath = "";
			projectRoot = "";
			targets = (
				290FF95D2E26BD0400CA2B20 /* Tomato Brick */,
				290FF96A2E26BD0600CA2B20 /* Tomato BrickTests */,
				290FF9742E26BD0600CA2B20 /* Tomato BrickUITests */,
				290FF9CB2E457A8A00CA2B20 /* Shield */,
			);
		};
/* End PBXProject section */

/* Begin PBXResourcesBuildPhase section */
		290FF95C2E26BD0400CA2B20 /* Resources */ = {
			isa = PBXResourcesBuildPhase;
			buildActionMask = 2147483647;
			files = (
			);
			runOnlyForDeploymentPostprocessing = 0;
		};
		290FF9692E26BD0600CA2B20 /* Resources */ = {
			isa = PBXResourcesBuildPhase;
			buildActionMask = 2147483647;
			files = (
			);
			runOnlyForDeploymentPostprocessing = 0;
		};
		290FF9732E26BD0600CA2B20 /* Resources */ = {
			isa = PBXResourcesBuildPhase;
			buildActionMask = 2147483647;
			files = (
			);
			runOnlyForDeploymentPostprocessing = 0;
		};
		290FF9CA2E457A8A00CA2B20 /* Resources */ = {
			isa = PBXResourcesBuildPhase;
			buildActionMask = 2147483647;
			files = (
			);
			runOnlyForDeploymentPostprocessing = 0;
		};
/* End PBXResourcesBuildPhase section */

/* Begin PBXSourcesBuildPhase section */
		290FF95A2E26BD0400CA2B20 /* Sources */ = {
			isa = PBXSourcesBuildPhase;
			buildActionMask = 2147483647;
			files = (
			);
			runOnlyForDeploymentPostprocessing = 0;
		};
		290FF9672E26BD0600CA2B20 /* Sources */ = {
			isa = PBXSourcesBuildPhase;
			buildActionMask = 2147483647;
			files = (
			);
			runOnlyForDeploymentPostprocessing = 0;
		};
		290FF9712E26BD0600CA2B20 /* Sources */ = {
			isa = PBXSourcesBuildPhase;
			buildActionMask = 2147483647;
			files = (
			);
			runOnlyForDeploymentPostprocessing = 0;
		};
		290FF9C82E457A8A00CA2B20 /* Sources */ = {
			isa = PBXSourcesBuildPhase;
			buildActionMask = 2147483647;
			files = (
			);
			runOnlyForDeploymentPostprocessing = 0;
		};
/* End PBXSourcesBuildPhase section */

/* Begin PBXTargetDependency section */
		290FF96D2E26BD0600CA2B20 /* PBXTargetDependency */ = {
			isa = PBXTargetDependency;
			target = 290FF95D2E26BD0400CA2B20 /* Tomato Brick */;
			targetProxy = 290FF96C2E26BD0600CA2B20 /* PBXContainerItemProxy */;
		};
		290FF9772E26BD0600CA2B20 /* PBXTargetDependency */ = {
			isa = PBXTargetDependency;
			target = 290FF95D2E26BD0400CA2B20 /* Tomato Brick */;
			targetProxy = 290FF9762E26BD0600CA2B20 /* PBXContainerItemProxy */;
		};
		290FF9D72E457A8A00CA2B20 /* PBXTargetDependency */ = {
			isa = PBXTargetDependency;
			target = 290FF9CB2E457A8A00CA2B20 /* Shield */;
			targetProxy = 290FF9D62E457A8A00CA2B20 /* PBXContainerItemProxy */;
		};
/* End PBXTargetDependency section */

/* Begin XCBuildConfiguration section */
		290FF97D2E26BD0600CA2B20 /* Debug */ = {
			isa = XCBuildConfiguration;
			buildSettings = {
				ALWAYS_SEARCH_USER_PATHS = NO;
				ASSETCATALOG_COMPILER_GENERATE_SWIFT_ASSET_SYMBOL_EXTENSIONS = YES;
				CLANG_ANALYZER_NONNULL = YES;
				CLANG_ANALYZER_NUMBER_OBJECT_CONVERSION = YES_AGGRESSIVE;
				CLANG_CXX_LANGUAGE_STANDARD = "gnu++20";
				CLANG_ENABLE_MODULES = YES;
				CLANG_ENABLE_OBJC_ARC = YES;
				CLANG_ENABLE_OBJC_WEAK = YES;
				CLANG_WARN_BLOCK_CAPTURE_AUTORELEASING = YES;
				CLANG_WARN_BOOL_CONVERSION = YES;
				CLANG_WARN_COMMA = YES;
				CLANG_WARN_CONSTANT_CONVERSION = YES;
				CLANG_WARN_DEPRECATED_OBJC_IMPLEMENTATIONS = YES;
				CLANG_WARN_DIRECT_OBJC_ISA_USAGE = YES_ERROR;
				CLANG_WARN_DOCUMENTATION_COMMENTS = YES;
				CLANG_WARN_EMPTY_BODY = YES;
				CLANG_WARN_ENUM_CONVERSION = YES;
				CLANG_WARN_INFINITE_RECURSION = YES;
				CLANG_WARN_INT_CONVERSION = YES;
				CLANG_WARN_NON_LITERAL_NULL_CONVERSION = YES;
				CLANG_WARN_OBJC_IMPLICIT_RETAIN_SELF = YES;
				CLANG_WARN_OBJC_LITERAL_CONVERSION = YES;
				CLANG_WARN_OBJC_ROOT_CLASS = YES_ERROR;
				CLANG_WARN_QUOTED_INCLUDE_IN_FRAMEWORK_HEADER = YES;
				CLANG_WARN_RANGE_LOOP_ANALYSIS = YES;
				CLANG_WARN_STRICT_PROTOTYPES = YES;
				CLANG_WARN_SUSPICIOUS_MOVE = YES;
				CLANG_WARN_UNGUARDED_AVAILABILITY = YES_AGGRESSIVE;
				CLANG_WARN_UNREACHABLE_CODE = YES;
				CLANG_WARN__DUPLICATE_METHOD_MATCH = YES;
				COPY_PHASE_STRIP = NO;
				DEBUG_INFORMATION_FORMAT = dwarf;
				ENABLE_STRICT_OBJC_MSGSEND = YES;
				ENABLE_TESTABILITY = YES;
				ENABLE_USER_SCRIPT_SANDBOXING = YES;
				GCC_C_LANGUAGE_STANDARD = gnu17;
				GCC_DYNAMIC_NO_PIC = NO;
				GCC_NO_COMMON_BLOCKS = YES;
				GCC_OPTIMIZATION_LEVEL = 0;
				GCC_PREPROCESSOR_DEFINITIONS = (
					"DEBUG=1",
					"$(inherited)",
				);
				GCC_WARN_64_TO_32_BIT_CONVERSION = YES;
				GCC_WARN_ABOUT_RETURN_TYPE = YES_ERROR;
				GCC_WARN_UNDECLARED_SELECTOR = YES;
				GCC_WARN_UNINITIALIZED_AUTOS = YES_AGGRESSIVE;
				GCC_WARN_UNUSED_FUNCTION = YES;
				GCC_WARN_UNUSED_VARIABLE = YES;
				IPHONEOS_DEPLOYMENT_TARGET = 18.5;
				LOCALIZATION_PREFERS_STRING_CATALOGS = YES;
				MTL_ENABLE_DEBUG_INFO = INCLUDE_SOURCE;
				MTL_FAST_MATH = YES;
				ONLY_ACTIVE_ARCH = YES;
				SDKROOT = iphoneos;
				SWIFT_ACTIVE_COMPILATION_CONDITIONS = "DEBUG $(inherited)";
				SWIFT_OPTIMIZATION_LEVEL = "-Onone";
			};
			name = Debug;
		};
		290FF97E2E26BD0600CA2B20 /* Release */ = {
			isa = XCBuildConfiguration;
			buildSettings = {
				ALWAYS_SEARCH_USER_PATHS = NO;
				ASSETCATALOG_COMPILER_GENERATE_SWIFT_ASSET_SYMBOL_EXTENSIONS = YES;
				CLANG_ANALYZER_NONNULL = YES;
				CLANG_ANALYZER_NUMBER_OBJECT_CONVERSION = YES_AGGRESSIVE;
				CLANG_CXX_LANGUAGE_STANDARD = "gnu++20";
				CLANG_ENABLE_MODULES = YES;
				CLANG_ENABLE_OBJC_ARC = YES;
				CLANG_ENABLE_OBJC_WEAK = YES;
				CLANG_WARN_BLOCK_CAPTURE_AUTORELEASING = YES;
				CLANG_WARN_BOOL_CONVERSION = YES;
				CLANG_WARN_COMMA = YES;
				CLANG_WARN_CONSTANT_CONVERSION = YES;
				CLANG_WARN_DEPRECATED_OBJC_IMPLEMENTATIONS = YES;
				CLANG_WARN_DIRECT_OBJC_ISA_USAGE = YES_ERROR;
				CLANG_WARN_DOCUMENTATION_COMMENTS = YES;
				CLANG_WARN_EMPTY_BODY = YES;
				CLANG_WARN_ENUM_CONVERSION = YES;
				CLANG_WARN_INFINITE_RECURSION = YES;
				CLANG_WARN_INT_CONVERSION = YES;
				CLANG_WARN_NON_LITERAL_NULL_CONVERSION = YES;
				CLANG_WARN_OBJC_IMPLICIT_RETAIN_SELF = YES;
				CLANG_WARN_OBJC_LITERAL_CONVERSION = YES;
				CLANG_WARN_OBJC_ROOT_CLASS = YES_ERROR;
				CLANG_WARN_QUOTED_INCLUDE_IN_FRAMEWORK_HEADER = YES;
				CLANG_WARN_RANGE_LOOP_ANALYSIS = YES;
				CLANG_WARN_STRICT_PROTOTYPES = YES;
				CLANG_WARN_SUSPICIOUS_MOVE = YES;
				CLANG_WARN_UNGUARDED_AVAILABILITY = YES_AGGRESSIVE;
				CLANG_WARN_UNREACHABLE_CODE = YES;
				CLANG_WARN__DUPLICATE_METHOD_MATCH = YES;
				COPY_PHASE_STRIP = NO;
				DEBUG_INFORMATION_FORMAT = "dwarf-with-dsym";
				ENABLE_NS_ASSERTIONS = NO;
				ENABLE_STRICT_OBJC_MSGSEND = YES;
				ENABLE_USER_SCRIPT_SANDBOXING = YES;
				GCC_C_LANGUAGE_STANDARD = gnu17;
				GCC_NO_COMMON_BLOCKS = YES;
				GCC_WARN_64_TO_32_BIT_CONVERSION = YES;
				GCC_WARN_ABOUT_RETURN_TYPE = YES_ERROR;
				GCC_WARN_UNDECLARED_SELECTOR = YES;
				GCC_WARN_UNINITIALIZED_AUTOS = YES_AGGRESSIVE;
				GCC_WARN_UNUSED_FUNCTION = YES;
				GCC_WARN_UNUSED_VARIABLE = YES;
				IPHONEOS_DEPLOYMENT_TARGET = 18.5;
				LOCALIZATION_PREFERS_STRING_CATALOGS = YES;
				MTL_ENABLE_DEBUG_INFO = NO;
				MTL_FAST_MATH = YES;
				SDKROOT = iphoneos;
				SWIFT_COMPILATION_MODE = wholemodule;
				VALIDATE_PRODUCT = YES;
			};
			name = Release;
		};
		290FF9802E26BD0600CA2B20 /* Debug */ = {
			isa = XCBuildConfiguration;
			buildSettings = {
				ASSETCATALOG_COMPILER_APPICON_NAME = AppIcon;
				ASSETCATALOG_COMPILER_GLOBAL_ACCENT_COLOR_NAME = AccentColor;
				CODE_SIGN_STYLE = Automatic;
				CURRENT_PROJECT_VERSION = 1;
				DEVELOPMENT_TEAM = CWD7B6J54Q;
				ENABLE_PREVIEWS = YES;
				GENERATE_INFOPLIST_FILE = YES;
				INFOPLIST_FILE = "Tomato-Brick-Info.plist";
				INFOPLIST_KEY_CFBundleDisplayName = "";
				INFOPLIST_KEY_LSApplicationCategoryType = "";
				INFOPLIST_KEY_NFCReaderUsageDescription = "\"Tomato Brick uses NFC to block apps on your phone\"";
				INFOPLIST_KEY_UIApplicationSceneManifest_Generation = YES;
				INFOPLIST_KEY_UIApplicationSupportsIndirectInputEvents = YES;
				INFOPLIST_KEY_UISupportedInterfaceOrientations_iPad = "UIInterfaceOrientationPortrait UIInterfaceOrientationPortraitUpsideDown UIInterfaceOrientationLandscapeLeft UIInterfaceOrientationLandscapeRight";
				INFOPLIST_KEY_UISupportedInterfaceOrientations_iPhone = UIInterfaceOrientationPortrait;
				LD_RUNPATH_SEARCH_PATHS = (
					"$(inherited)",
					"@executable_path/Frameworks",
				);
				MARKETING_VERSION = 1.0;
				PRODUCT_BUNDLE_IDENTIFIER = "com.alyssa.Tomato-Brick";
				PRODUCT_NAME = "$(TARGET_NAME)";
				SWIFT_EMIT_LOC_STRINGS = YES;
				SWIFT_VERSION = 5.0;
				TARGETED_DEVICE_FAMILY = "1,2";
			};
			name = Debug;
		};
		290FF9812E26BD0600CA2B20 /* Release */ = {
			isa = XCBuildConfiguration;
			buildSettings = {
				ASSETCATALOG_COMPILER_APPICON_NAME = AppIcon;
				ASSETCATALOG_COMPILER_GLOBAL_ACCENT_COLOR_NAME = AccentColor;
				CODE_SIGN_STYLE = Automatic;
				CURRENT_PROJECT_VERSION = 1;
				DEVELOPMENT_TEAM = CWD7B6J54Q;
				ENABLE_PREVIEWS = YES;
				GENERATE_INFOPLIST_FILE = YES;
				INFOPLIST_FILE = "Tomato-Brick-Info.plist";
				INFOPLIST_KEY_CFBundleDisplayName = "";
				INFOPLIST_KEY_LSApplicationCategoryType = "";
				INFOPLIST_KEY_NFCReaderUsageDescription = "\"Tomato Brick uses NFC to block apps on your phone\"";
				INFOPLIST_KEY_UIApplicationSceneManifest_Generation = YES;
				INFOPLIST_KEY_UIApplicationSupportsIndirectInputEvents = YES;
				INFOPLIST_KEY_UISupportedInterfaceOrientations_iPad = "UIInterfaceOrientationPortrait UIInterfaceOrientationPortraitUpsideDown UIInterfaceOrientationLandscapeLeft UIInterfaceOrientationLandscapeRight";
				INFOPLIST_KEY_UISupportedInterfaceOrientations_iPhone = UIInterfaceOrientationPortrait;
				LD_RUNPATH_SEARCH_PATHS = (
					"$(inherited)",
					"@executable_path/Frameworks",
				);
				MARKETING_VERSION = 1.0;
				PRODUCT_BUNDLE_IDENTIFIER = "com.alyssa.Tomato-Brick";
				PRODUCT_NAME = "$(TARGET_NAME)";
				SWIFT_EMIT_LOC_STRINGS = YES;
				SWIFT_VERSION = 5.0;
				TARGETED_DEVICE_FAMILY = "1,2";
			};
			name = Release;
		};
		290FF9832E26BD0600CA2B20 /* Debug */ = {
			isa = XCBuildConfiguration;
			buildSettings = {
				BUNDLE_LOADER = "$(TEST_HOST)";
				CODE_SIGN_STYLE = Automatic;
				CURRENT_PROJECT_VERSION = 1;
				GENERATE_INFOPLIST_FILE = YES;
				IPHONEOS_DEPLOYMENT_TARGET = 18.5;
				MARKETING_VERSION = 1.0;
				PRODUCT_BUNDLE_IDENTIFIER = "com.alyssa.Tomato-BrickTests";
				PRODUCT_NAME = "$(TARGET_NAME)";
				SWIFT_EMIT_LOC_STRINGS = NO;
				SWIFT_VERSION = 5.0;
				TARGETED_DEVICE_FAMILY = "1,2";
				TEST_HOST = "$(BUILT_PRODUCTS_DIR)/Tomato Brick.app/$(BUNDLE_EXECUTABLE_FOLDER_PATH)/Tomato Brick";
			};
			name = Debug;
		};
		290FF9842E26BD0600CA2B20 /* Release */ = {
			isa = XCBuildConfiguration;
			buildSettings = {
				BUNDLE_LOADER = "$(TEST_HOST)";
				CODE_SIGN_STYLE = Automatic;
				CURRENT_PROJECT_VERSION = 1;
				GENERATE_INFOPLIST_FILE = YES;
				IPHONEOS_DEPLOYMENT_TARGET = 18.5;
				MARKETING_VERSION = 1.0;
				PRODUCT_BUNDLE_IDENTIFIER = "com.alyssa.Tomato-BrickTests";
				PRODUCT_NAME = "$(TARGET_NAME)";
				SWIFT_EMIT_LOC_STRINGS = NO;
				SWIFT_VERSION = 5.0;
				TARGETED_DEVICE_FAMILY = "1,2";
				TEST_HOST = "$(BUILT_PRODUCTS_DIR)/Tomato Brick.app/$(BUNDLE_EXECUTABLE_FOLDER_PATH)/Tomato Brick";
			};
			name = Release;
		};
		290FF9862E26BD0600CA2B20 /* Debug */ = {
			isa = XCBuildConfiguration;
			buildSettings = {
				CODE_SIGN_STYLE = Automatic;
				CURRENT_PROJECT_VERSION = 1;
				GENERATE_INFOPLIST_FILE = YES;
				MARKETING_VERSION = 1.0;
				PRODUCT_BUNDLE_IDENTIFIER = "com.alyssa.Tomato-BrickUITests";
				PRODUCT_NAME = "$(TARGET_NAME)";
				SWIFT_EMIT_LOC_STRINGS = NO;
				SWIFT_VERSION = 5.0;
				TARGETED_DEVICE_FAMILY = "1,2";
				TEST_TARGET_NAME = "Tomato Brick";
			};
			name = Debug;
		};
		290FF9872E26BD0600CA2B20 /* Release */ = {
			isa = XCBuildConfiguration;
			buildSettings = {
				CODE_SIGN_STYLE = Automatic;
				CURRENT_PROJECT_VERSION = 1;
				GENERATE_INFOPLIST_FILE = YES;
				MARKETING_VERSION = 1.0;
				PRODUCT_BUNDLE_IDENTIFIER = "com.alyssa.Tomato-BrickUITests";
				PRODUCT_NAME = "$(TARGET_NAME)";
				SWIFT_EMIT_LOC_STRINGS = NO;
				SWIFT_VERSION = 5.0;
				TARGETED_DEVICE_FAMILY = "1,2";
				TEST_TARGET_NAME = "Tomato Brick";
			};
			name = Release;
		};
		290FF9DB2E457A8A00CA2B20 /* Debug */ = {
			isa = XCBuildConfiguration;
			buildSettings = {
				CODE_SIGN_ENTITLEMENTS = Shield/Shield.entitlements;
				CODE_SIGN_STYLE = Automatic;
				CURRENT_PROJECT_VERSION = 1;
				DEVELOPMENT_TEAM = CWD7B6J54Q;
				GENERATE_INFOPLIST_FILE = YES;
				INFOPLIST_FILE = Shield/Info.plist;
				INFOPLIST_KEY_CFBundleDisplayName = Shield;
				INFOPLIST_KEY_NSHumanReadableCopyright = "";
				LD_RUNPATH_SEARCH_PATHS = (
					"$(inherited)",
					"@executable_path/Frameworks",
					"@executable_path/../../Frameworks",
				);
				MARKETING_VERSION = 1.0;
				PRODUCT_BUNDLE_IDENTIFIER = "com.alyssa.Tomato-Brick.Shield";
				PRODUCT_NAME = "$(TARGET_NAME)";
				SKIP_INSTALL = YES;
				SWIFT_EMIT_LOC_STRINGS = YES;
				SWIFT_VERSION = 5.0;
				TARGETED_DEVICE_FAMILY = "1,2";
			};
			name = Debug;
		};
		290FF9DC2E457A8A00CA2B20 /* Release */ = {
			isa = XCBuildConfiguration;
			buildSettings = {
				CODE_SIGN_ENTITLEMENTS = Shield/Shield.entitlements;
				CODE_SIGN_STYLE = Automatic;
				CURRENT_PROJECT_VERSION = 1;
				DEVELOPMENT_TEAM = CWD7B6J54Q;
				GENERATE_INFOPLIST_FILE = YES;
				INFOPLIST_FILE = Shield/Info.plist;
				INFOPLIST_KEY_CFBundleDisplayName = Shield;
				INFOPLIST_KEY_NSHumanReadableCopyright = "";
				LD_RUNPATH_SEARCH_PATHS = (
					"$(inherited)",
					"@executable_path/Frameworks",
					"@executable_path/../../Frameworks",
				);
				MARKETING_VERSION = 1.0;
				PRODUCT_BUNDLE_IDENTIFIER = "com.alyssa.Tomato-Brick.Shield";
				PRODUCT_NAME = "$(TARGET_NAME)";
				SKIP_INSTALL = YES;
				SWIFT_EMIT_LOC_STRINGS = YES;
				SWIFT_VERSION = 5.0;
				TARGETED_DEVICE_FAMILY = "1,2";
			};
			name = Release;
		};
/* End XCBuildConfiguration section */

/* Begin XCConfigurationList section */
		290FF9592E26BD0400CA2B20 /* Build configuration list for PBXProject "Tomato Brick" */ = {
			isa = XCConfigurationList;
			buildConfigurations = (
				290FF97D2E26BD0600CA2B20 /* Debug */,
				290FF97E2E26BD0600CA2B20 /* Release */,
			);
			defaultConfigurationIsVisible = 0;
			defaultConfigurationName = Release;
		};
		290FF97F2E26BD0600CA2B20 /* Build configuration list for PBXNativeTarget "Tomato Brick" */ = {
			isa = XCConfigurationList;
			buildConfigurations = (
				290FF9802E26BD0600CA2B20 /* Debug */,
				290FF9812E26BD0600CA2B20 /* Release */,
			);
			defaultConfigurationIsVisible = 0;
			defaultConfigurationName = Release;
		};
		290FF9822E26BD0600CA2B20 /* Build configuration list for PBXNativeTarget "Tomato BrickTests" */ = {
			isa = XCConfigurationList;
			buildConfigurations = (
				290FF9832E26BD0600CA2B20 /* Debug */,
				290FF9842E26BD0600CA2B20 /* Release */,
			);
			defaultConfigurationIsVisible = 0;
			defaultConfigurationName = Release;
		};
		290FF9852E26BD0600CA2B20 /* Build configuration list for PBXNativeTarget "Tomato BrickUITests" */ = {
			isa = XCConfigurationList;
			buildConfigurations = (
				290FF9862E26BD0600CA2B20 /* Debug */,
				290FF9872E26BD0600CA2B20 /* Release */,
			);
			defaultConfigurationIsVisible = 0;
			defaultConfigurationName = Release;
		};
		290FF9DA2E457A8A00CA2B20 /* Build configuration list for PBXNativeTarget "Shield" */ = {
			isa = XCConfigurationList;
			buildConfigurations = (
				290FF9DB2E457A8A00CA2B20 /* Debug */,
				290FF9DC2E457A8A00CA2B20 /* Release */,
			);
			defaultConfigurationIsVisible = 0;
			defaultConfigurationName = Release;
		};
/* End XCConfigurationList section */
	};
	rootObject = 290FF9562E26BD0400CA2B20 /* Project object */;
}
